{
  "pins" : [
    {
      "identity" : "app-check",
      "kind" : "remoteSourceControl",
      "location" : "https://github.com/google/app-check.git",
      "state" : {
        "revision" : "61b85103a1aeed8218f17c794687781505fbbef5",
        "version" : "11.2.0"
      }
    },
    {
      "identity" : "firebase-ios-sdk",
      "kind" : "remoteSourceControl",
      "location" : "https://www.github.com/firebase/firebase-ios-sdk.git",
      "state" : {
        "revision" : "1cce11cf94d27e2fc194112cc7ad51e8fb279230",
        "version" : "12.3.0"
      }
    },
    {
      "identity" : "google-ads-on-device-conversion-ios-sdk",
      "kind" : "remoteSourceControl",
      "location" : "https://github.com/googleads/google-ads-on-device-conversion-ios-sdk",
      "state" : {
        "revision" : "c7d04b7592d3a1d6f8b7ce4e103cfbcbd766f419",
        "version" : "3.0.0"
      }
    }
  ]
}
